// !$*UTF8*$!
{
	archiveVersion = 1;
	classes = {
	};
	objectVersion = 46;
	objects = {

/* Begin PBXBuildFile section */
		7F3A06C41D83CB1700960B0E /* main.m in Sources */ = {isa = PBXBuildFile; fileRef = 7F3A06C31D83CB1700960B0E /* main.m */; };
		7F3A06CC1D83CB2800960B0E /* Fruit.m in Sources */ = {isa = PBXBuildFile; fileRef = 7F3A06CB1D83CB2800960B0E /* Fruit.m */; };
		7F3A06E81D83D5D200960B0E /* Source.m in Sources */ = {isa = PBXBuildFile; fileRef = 7F3A06E71D83D5D200960B0E /* Source.m */; };
/* End PBXBuildFile section */

/* Begin PBXCopyFilesBuildPhase section */
		7F3A06BE1D83CB1700960B0E /* CopyFiles */ = {
			isa = PBXCopyFilesBuildPhase;
			buildActionMask = 2147483647;
			dstPath = /usr/share/man/man1/;
			dstSubfolderSpec = 0;
			files = (
			);
			runOnlyForDeploymentPostprocessing = 1;
		};
/* End PBXCopyFilesBuildPhase section */

/* Begin PBXFileReference section */
		7F3A06C01D83CB1700960B0E /* OCKVC */ = {isa = PBXFileReference; explicitFileType = "compiled.mach-o.executable"; includeInIndex = 0; path = OCKVC; sourceTree = BUILT_PRODUCTS_DIR; };
		7F3A06C31D83CB1700960B0E /* main.m */ = {isa = PBXFileReference; lastKnownFileType = sourcecode.c.objc; path = main.m; sourceTree = "<group>"; };
		7F3A06CA1D83CB2800960B0E /* Fruit.h */ = {isa = PBXFileReference; fileEncoding = 4; lastKnownFileType = sourcecode.c.h; path = Fruit.h; sourceTree = "<group>"; };
		7F3A06CB1D83CB2800960B0E /* Fruit.m */ = {isa = PBXFileReference; fileEncoding = 4; lastKnownFileType = sourcecode.c.objc; path = Fruit.m; sourceTree = "<group>"; };
		7F3A06E61D83D5D200960B0E /* Source.h */ = {isa = PBXFileReference; fileEncoding = 4; lastKnownFileType = sourcecode.c.h; path = Source.h; sourceTree = "<group>"; };
		7F3A06E71D83D5D200960B0E /* Source.m */ = {isa = PBXFileReference; fileEncoding = 4; lastKnownFileType = sourcecode.c.objc; path = Source.m; sourceTree = "<group>"; };
/* End PBXFileReference section */

/* Begin PBXFrameworksBuildPhase section */
		7F3A06BD1D83CB1700960B0E /* Frameworks */ = {
			isa = PBXFrameworksBuildPhase;
			buildActionMask = 2147483647;
			files = (
			);
			runOnlyForDeploymentPostprocessing = 0;
		};
/* End PBXFrameworksBuildPhase section */

/* Begin PBXGroup section */
		7F3A06B71D83CB1700960B0E = {
			isa = PBXGroup;
			children = (
				7F3A06C21D83CB1700960B0E /* OCKVC */,
				7F3A06C11D83CB1700960B0E /* Products */,
			);
			sourceTree = "<group>";
		};
		7F3A06C11D83CB1700960B0E /* Products */ = {
			isa = PBXGroup;
			children = (
				7F3A06C01D83CB1700960B0E /* OCKVC */,
			);
			name = Products;
			sourceTree = "<group>";
		};
		7F3A06C21D83CB1700960B0E /* OCKVC */ = {
			isa = PBXGroup;
			children = (
				7F3A06C31D83CB1700960B0E /* main.m */,
				7F3A06CA1D83CB2800960B0E /* Fruit.h */,
				7F3A06CB1D83CB2800960B0E /* Fruit.m */,
				7F3A06E61D83D5D200960B0E /* Source.h */,
				7F3A06E71D83D5D200960B0E /* Source.m */,
			);
			path = OCKVC;
			sourceTree = "<group>";
		};
/* End PBXGroup section */

/* Begin PBXNativeTarget section */
		7F3A06BF1D83CB1700960B0E /* OCKVC */ = {
			isa = PBXNativeTarget;
			buildConfigurationList = 7F3A06C71D83CB1700960B0E /* Build configuration list for PBXNativeTarget "OCKVC" */;
			buildPhases = (
				7F3A06BC1D83CB1700960B0E /* Sources */,
				7F3A06BD1D83CB1700960B0E /* Frameworks */,
				7F3A06BE1D83CB1700960B0E /* CopyFiles */,
			);
			buildRules = (
			);
			dependencies = (
			);
			name = OCKVC;
			productName = OCKVC;
			productReference = 7F3A06C01D83CB1700960B0E /* OCKVC */;
			productType = "com.apple.product-type.tool";
		};
/* End PBXNativeTarget section */

/* Begin PBXProject section */
		7F3A06B81D83CB1700960B0E /* Project object */ = {
			isa = PBXProject;
			attributes = {
				LastUpgradeCheck = 0730;
				TargetAttributes = {
					7F3A06BF1D83CB1700960B0E = {
						CreatedOnToolsVersion = 7.3.1;
					};
				};
			};
			buildConfigurationList = 7F3A06BB1D83CB1700960B0E /* Build configuration list for PBXProject "OCKVC" */;
			compatibilityVersion = "Xcode 3.2";
			developmentRegion = English;
			hasScannedForEncodings = 0;
			knownRegions = (
				en,
			);
			mainGroup = 7F3A06B71D83CB1700960B0E;
			productRefGroup = 7F3A06C11D83CB1700960B0E /* Products */;
			projectDirPath = "";
			projectRoot = "";
			targets = (
				7F3A06BF1D83CB1700960B0E /* OCKVC */,
			);
		};
/* End PBXProject section */

/* Begin PBXSourcesBuildPhase section */
		7F3A06BC1D83CB1700960B0E /* Sources */ = {
			isa = PBXSourcesBuildPhase;
			buildActionMask = 2147483647;
			files = (
				7F3A06E81D83D5D200960B0E /* Source.m in Sources */,
				7F3A06CC1D83CB2800960B0E /* Fruit.m in Sources */,
				7F3A06C41D83CB1700960B0E /* main.m in Sources */,
			);
			runOnlyForDeploymentPostprocessing = 0;
		};
/* End PBXSourcesBuildPhase section */

/* Begin XCBuildConfiguration section */
		7F3A06C51D83CB1700960B0E /* Debug */ = {
			isa = XCBuildConfiguration;
			buildSettings = {
				ALWAYS_SEARCH_USER_PATHS = NO;
				CLANG_ANALYZER_NONNULL = YES;
				CLANG_CXX_LANGUAGE_STANDARD = "gnu++0x";
				CLANG_CXX_LIBRARY = "libc++";
				CLANG_ENABLE_MODULES = YES;
				CLANG_ENABLE_OBJC_ARC = YES;
				CLANG_WARN_BOOL_CONVERSION = YES;
				CLANG_WARN_CONSTANT_CONVERSION = YES;
				CLANG_WARN_DIRECT_OBJC_ISA_USAGE = YES_ERROR;
				CLANG_WARN_EMPTY_BODY = YES;
				CLANG_WARN_ENUM_CONVERSION = YES;
				CLANG_WARN_INT_CONVERSION = YES;
				CLANG_WARN_OBJC_ROOT_CLASS = YES_ERROR;
				CLANG_WARN_UNREACHABLE_CODE = YES;
				CLANG_WARN__DUPLICATE_METHOD_MATCH = YES;
				CODE_SIGN_IDENTITY = "-";
				COPY_PHASE_STRIP = NO;
				DEBUG_INFORMATION_FORMAT = dwarf;
				ENABLE_STRICT_OBJC_MSGSEND = YES;
				ENABLE_TESTABILITY = YES;
				GCC_C_LANGUAGE_STANDARD = gnu99;
				GCC_DYNAMIC_NO_PIC = NO;
				GCC_NO_COMMON_BLOCKS = YES;
				GCC_OPTIMIZATION_LEVEL = 0;
				GCC_PREPROCESSOR_DEFINITIONS = (
					"DEBUG=1",
					"$(inherited)",
				);
				GCC_WARN_64_TO_32_BIT_CONVERSION = YES;
				GCC_WARN_ABOUT_RETURN_TYPE = YES_ERROR;
				GCC_WARN_UNDECLARED_SELECTOR = YES;
				GCC_WARN_UNINITIALIZED_AUTOS = YES_AGGRESSIVE;
				GCC_WARN_UNUSED_FUNCTION = YES;
				GCC_WARN_UNUSED_VARIABLE = YES;
				MACOSX_DEPLOYMENT_TARGET = 10.11;
				MTL_ENABLE_DEBUG_INFO = YES;
				ONLY_ACTIVE_ARCH = YES;
				SDKROOT = macosx;
			};
			name = Debug;
		};
		7F3A06C61D83CB1700960B0E /* Release */ = {
			isa = XCBuildConfiguration;
			buildSettings = {
				ALWAYS_SEARCH_USER_PATHS = NO;
				CLANG_ANALYZER_NONNULL = YES;
				CLANG_CXX_LANGUAGE_STANDARD = "gnu++0x";
				CLANG_CXX_LIBRARY = "libc++";
				CLANG_ENABLE_MODULES = YES;
				CLANG_ENABLE_OBJC_ARC = YES;
				CLANG_WARN_BOOL_CONVERSION = YES;
				CLANG_WARN_CONSTANT_CONVERSION = YES;
				CLANG_WARN_DIRECT_OBJC_ISA_USAGE = YES_ERROR;
				CLANG_WARN_EMPTY_BODY = YES;
				CLANG_WARN_ENUM_CONVERSION = YES;
				CLANG_WARN_INT_CONVERSION = YES;
				CLANG_WARN_OBJC_ROOT_CLASS = YES_ERROR;
				CLANG_WARN_UNREACHABLE_CODE = YES;
				CLANG_WARN__DUPLICATE_METHOD_MATCH = YES;
				CODE_SIGN_IDENTITY = "-";
				COPY_PHASE_STRIP = NO;
				DEBUG_INFORMATION_FORMAT = "dwarf-with-dsym";
				ENABLE_NS_ASSERTIONS = NO;
				ENABLE_STRICT_OBJC_MSGSEND = YES;
				GCC_C_LANGUAGE_STANDARD = gnu99;
				GCC_NO_COMMON_BLOCKS = YES;
				GCC_WARN_64_TO_32_BIT_CONVERSION = YES;
				GCC_WARN_ABOUT_RETURN_TYPE = YES_ERROR;
				GCC_WARN_UNDECLARED_SELECTOR = YES;
				GCC_WARN_UNINITIALIZED_AUTOS = YES_AGGRESSIVE;
				GCC_WARN_UNUSED_FUNCTION = YES;
				GCC_WARN_UNUSED_VARIABLE = YES;
				MACOSX_DEPLOYMENT_TARGET = 10.11;
				MTL_ENABLE_DEBUG_INFO = NO;
				SDKROOT = macosx;
			};
			name = Release;
		};
		7F3A06C81D83CB1700960B0E /* Debug */ = {
			isa = XCBuildConfiguration;
			buildSettings = {
				PRODUCT_NAME = "$(TARGET_NAME)";
			};
			name = Debug;
		};
		7F3A06C91D83CB1700960B0E /* Release */ = {
			isa = XCBuildConfiguration;
			buildSettings = {
				PRODUCT_NAME = "$(TARGET_NAME)";
			};
			name = Release;
		};
/* End XCBuildConfiguration section */

/* Begin XCConfigurationList section */
		7F3A06BB1D83CB1700960B0E /* Build configuration list for PBXProject "OCKVC" */ = {
			isa = XCConfigurationList;
			buildConfigurations = (
				7F3A06C51D83CB1700960B0E /* Debug */,
				7F3A06C61D83CB1700960B0E /* Release */,
			);
			defaultConfigurationIsVisible = 0;
			defaultConfigurationName = Release;
		};
		7F3A06C71D83CB1700960B0E /* Build configuration list for PBXNativeTarget "OCKVC" */ = {
			isa = XCConfigurationList;
			buildConfigurations = (
				7F3A06C81D83CB1700960B0E /* Debug */,
				7F3A06C91D83CB1700960B0E /* Release */,
			);
			defaultConfigurationIsVisible = 0;
		};
/* End XCConfigurationList section */
	};
	rootObject = 7F3A06B81D83CB1700960B0E /* Project object */;
}
